// !$*UTF8*$!
{
	archiveVersion = 1;
	classes = {
	};
	objectVersion = 46;
	objects = {

/* Begin PBXBuildFile section */
		1EB412E01BC3761C0019FA17 /* AppDelegate.swift in Sources */ = {isa = PBXBuildFile; fileRef = 1EB412DF1BC3761C0019FA17 /* AppDelegate.swift */; };
		1EB412E21BC3761C0019FA17 /* ViewController.swift in Sources */ = {isa = PBXBuildFile; fileRef = 1EB412E11BC3761C0019FA17 /* ViewController.swift */; };
		1EB412E71BC3761C0019FA17 /* Assets.xcassets in Resources */ = {isa = PBXBuildFile; fileRef = 1EB412E61BC3761C0019FA17 /* Assets.xcassets */; };
		1EB412EA1BC3761C0019FA17 /* LaunchScreen.storyboard in Resources */ = {isa = PBXBuildFile; fileRef = 1EB412E81BC3761C0019FA17 /* LaunchScreen.storyboard */; };
		1EB412F51BC3761C0019FA17 /* To_Do_ListTests.swift in Sources */ = {isa = PBXBuildFile; fileRef = 1EB412F41BC3761C0019FA17 /* To_Do_ListTests.swift */; };
		1EB413001BC3761C0019FA17 /* To_Do_ListUITests.swift in Sources */ = {isa = PBXBuildFile; fileRef = 1EB412FF1BC3761C0019FA17 /* To_Do_ListUITests.swift */; };
		1EB413481BC37B630019FA17 /* ToDo.swift in Sources */ = {isa = PBXBuildFile; fileRef = 1EB413471BC37B630019FA17 /* ToDo.swift */; settings = {ASSET_TAGS = (); }; };
		1EB4134A1BC37EB10019FA17 /* TableViewController.swift in Sources */ = {isa = PBXBuildFile; fileRef = 1EB413491BC37EB10019FA17 /* TableViewController.swift */; settings = {ASSET_TAGS = (); }; };
		1EB4134C1BC380400019FA17 /* NewController.swift in Sources */ = {isa = PBXBuildFile; fileRef = 1EB4134B1BC380400019FA17 /* NewController.swift */; settings = {ASSET_TAGS = (); }; };
		1EB4134E1BC3805D0019FA17 /* statsController.swift in Sources */ = {isa = PBXBuildFile; fileRef = 1EB4134D1BC3805D0019FA17 /* statsController.swift */; settings = {ASSET_TAGS = (); }; };
		1ECA5EDE1BC38EFC003850E5 /* Main.storyboard in Resources */ = {isa = PBXBuildFile; fileRef = 1ECA5EDC1BC38EFC003850E5 /* Main.storyboard */; settings = {ASSET_TAGS = (); }; };
/* End PBXBuildFile section */

/* Begin PBXContainerItemProxy section */
		1EB412F11BC3761C0019FA17 /* PBXContainerItemProxy */ = {
			isa = PBXContainerItemProxy;
			containerPortal = 1EB412D41BC3761C0019FA17 /* Project object */;
			proxyType = 1;
			remoteGlobalIDString = 1EB412DB1BC3761C0019FA17;
			remoteInfo = "To Do List";
		};
		1EB412FC1BC3761C0019FA17 /* PBXContainerItemProxy */ = {
			isa = PBXContainerItemProxy;
			containerPortal = 1EB412D41BC3761C0019FA17 /* Project object */;
			proxyType = 1;
			remoteGlobalIDString = 1EB412DB1BC3761C0019FA17;
			remoteInfo = "To Do List";
		};
/* End PBXContainerItemProxy section */

/* Begin PBXFileReference section */
		1EB412DC1BC3761C0019FA17 /* To Do List.app */ = {isa = PBXFileReference; explicitFileType = wrapper.application; includeInIndex = 0; path = "To Do List.app"; sourceTree = BUILT_PRODUCTS_DIR; };
		1EB412DF1BC3761C0019FA17 /* AppDelegate.swift */ = {isa = PBXFileReference; lastKnownFileType = sourcecode.swift; path = AppDelegate.swift; sourceTree = "<group>"; };
		1EB412E11BC3761C0019FA17 /* ViewController.swift */ = {isa = PBXFileReference; lastKnownFileType = sourcecode.swift; path = ViewController.swift; sourceTree = "<group>"; };
		1EB412E61BC3761C0019FA17 /* Assets.xcassets */ = {isa = PBXFileReference; lastKnownFileType = folder.assetcatalog; path = Assets.xcassets; sourceTree = "<group>"; };
		1EB412E91BC3761C0019FA17 /* Base */ = {isa = PBXFileReference; lastKnownFileType = file.storyboard; name = Base; path = Base.lproj/LaunchScreen.storyboard; sourceTree = "<group>"; };
		1EB412EB1BC3761C0019FA17 /* Info.plist */ = {isa = PBXFileReference; lastKnownFileType = text.plist.xml; path = Info.plist; sourceTree = "<group>"; };
		1EB412F01BC3761C0019FA17 /* To Do ListTests.xctest */ = {isa = PBXFileReference; explicitFileType = wrapper.cfbundle; includeInIndex = 0; path = "To Do ListTests.xctest"; sourceTree = BUILT_PRODUCTS_DIR; };
		1EB412F41BC3761C0019FA17 /* To_Do_ListTests.swift */ = {isa = PBXFileReference; lastKnownFileType = sourcecode.swift; path = To_Do_ListTests.swift; sourceTree = "<group>"; };
		1EB412F61BC3761C0019FA17 /* Info.plist */ = {isa = PBXFileReference; lastKnownFileType = text.plist.xml; path = Info.plist; sourceTree = "<group>"; };
		1EB412FB1BC3761C0019FA17 /* To Do ListUITests.xctest */ = {isa = PBXFileReference; explicitFileType = wrapper.cfbundle; includeInIndex = 0; path = "To Do ListUITests.xctest"; sourceTree = BUILT_PRODUCTS_DIR; };
		1EB412FF1BC3761C0019FA17 /* To_Do_ListUITests.swift */ = {isa = PBXFileReference; lastKnownFileType = sourcecode.swift; path = To_Do_ListUITests.swift; sourceTree = "<group>"; };
		1EB413011BC3761C0019FA17 /* Info.plist */ = {isa = PBXFileReference; lastKnownFileType = text.plist.xml; path = Info.plist; sourceTree = "<group>"; };
		1EB413471BC37B630019FA17 /* ToDo.swift */ = {isa = PBXFileReference; fileEncoding = 4; lastKnownFileType = sourcecode.swift; path = ToDo.swift; sourceTree = "<group>"; };
		1EB413491BC37EB10019FA17 /* TableViewController.swift */ = {isa = PBXFileReference; fileEncoding = 4; lastKnownFileType = sourcecode.swift; path = TableViewController.swift; sourceTree = "<group>"; };
		1EB4134B1BC380400019FA17 /* NewController.swift */ = {isa = PBXFileReference; fileEncoding = 4; lastKnownFileType = sourcecode.swift; path = NewController.swift; sourceTree = "<group>"; };
		1EB4134D1BC3805D0019FA17 /* statsController.swift */ = {isa = PBXFileReference; fileEncoding = 4; lastKnownFileType = sourcecode.swift; path = statsController.swift; sourceTree = "<group>"; };
		1ECA5EDD1BC38EFC003850E5 /* Base */ = {isa = PBXFileReference; lastKnownFileType = file.storyboard; name = Base; path = Base.lproj/Main.storyboard; sourceTree = "<group>"; };
/* End PBXFileReference section */

/* Begin PBXFrameworksBuildPhase section */
		1EB412D91BC3761C0019FA17 /* Frameworks */ = {
			isa = PBXFrameworksBuildPhase;
			buildActionMask = 2147483647;
			files = (
			);
			runOnlyForDeploymentPostprocessing = 0;
		};
		1EB412ED1BC3761C0019FA17 /* Frameworks */ = {
			isa = PBXFrameworksBuildPhase;
			buildActionMask = 2147483647;
			files = (
			);
			runOnlyForDeploymentPostprocessing = 0;
		};
		1EB412F81BC3761C0019FA17 /* Frameworks */ = {
			isa = PBXFrameworksBuildPhase;
			buildActionMask = 2147483647;
			files = (
			);
			runOnlyForDeploymentPostprocessing = 0;
		};
/* End PBXFrameworksBuildPhase section */

/* Begin PBXGroup section */
		1EB412D31BC3761C0019FA17 = {
			isa = PBXGroup;
			children = (
				1EB412DE1BC3761C0019FA17 /* To Do List */,
				1EB412F31BC3761C0019FA17 /* To Do ListTests */,
				1EB412FE1BC3761C0019FA17 /* To Do ListUITests */,
				1EB412DD1BC3761C0019FA17 /* Products */,
			);
			sourceTree = "<group>";
		};
		1EB412DD1BC3761C0019FA17 /* Products */ = {
			isa = PBXGroup;
			children = (
				1EB412DC1BC3761C0019FA17 /* To Do List.app */,
				1EB412F01BC3761C0019FA17 /* To Do ListTests.xctest */,
				1EB412FB1BC3761C0019FA17 /* To Do ListUITests.xctest */,
			);
			name = Products;
			sourceTree = "<group>";
		};
		1EB412DE1BC3761C0019FA17 /* To Do List */ = {
			isa = PBXGroup;
			children = (
				1EB412DF1BC3761C0019FA17 /* AppDelegate.swift */,
				1EB412E11BC3761C0019FA17 /* ViewController.swift */,
				1EB413491BC37EB10019FA17 /* TableViewController.swift */,
				1ECA5EDC1BC38EFC003850E5 /* Main.storyboard */,
				1EB413471BC37B630019FA17 /* ToDo.swift */,
				1EB412E61BC3761C0019FA17 /* Assets.xcassets */,
				1EB4134B1BC380400019FA17 /* NewController.swift */,
				1EB4134D1BC3805D0019FA17 /* statsController.swift */,
				1EB412E81BC3761C0019FA17 /* LaunchScreen.storyboard */,
				1EB412EB1BC3761C0019FA17 /* Info.plist */,
			);
			path = "To Do List";
			sourceTree = "<group>";
		};
		1EB412F31BC3761C0019FA17 /* To Do ListTests */ = {
			isa = PBXGroup;
			children = (
				1EB412F41BC3761C0019FA17 /* To_Do_ListTests.swift */,
				1EB412F61BC3761C0019FA17 /* Info.plist */,
			);
			path = "To Do ListTests";
			sourceTree = "<group>";
		};
		1EB412FE1BC3761C0019FA17 /* To Do ListUITests */ = {
			isa = PBXGroup;
			children = (
				1EB412FF1BC3761C0019FA17 /* To_Do_ListUITests.swift */,
				1EB413011BC3761C0019FA17 /* Info.plist */,
			);
			path = "To Do ListUITests";
			sourceTree = "<group>";
		};
/* End PBXGroup section */

/* Begin PBXNativeTarget section */
		1EB412DB1BC3761C0019FA17 /* To Do List */ = {
			isa = PBXNativeTarget;
			buildConfigurationList = 1EB413041BC3761C0019FA17 /* Build configuration list for PBXNativeTarget "To Do List" */;
			buildPhases = (
				1EB412D81BC3761C0019FA17 /* Sources */,
				1EB412D91BC3761C0019FA17 /* Frameworks */,
				1EB412DA1BC3761C0019FA17 /* Resources */,
			);
			buildRules = (
			);
			dependencies = (
			);
			name = "To Do List";
			productName = "To Do List";
			productReference = 1EB412DC1BC3761C0019FA17 /* To Do List.app */;
			productType = "com.apple.product-type.application";
		};
		1EB412EF1BC3761C0019FA17 /* To Do ListTests */ = {
			isa = PBXNativeTarget;
			buildConfigurationList = 1EB413071BC3761C0019FA17 /* Build configuration list for PBXNativeTarget "To Do ListTests" */;
			buildPhases = (
				1EB412EC1BC3761C0019FA17 /* Sources */,
				1EB412ED1BC3761C0019FA17 /* Frameworks */,
				1EB412EE1BC3761C0019FA17 /* Resources */,
			);
			buildRules = (
			);
			dependencies = (
				1EB412F21BC3761C0019FA17 /* PBXTargetDependency */,
			);
			name = "To Do ListTests";
			productName = "To Do ListTests";
			productReference = 1EB412F01BC3761C0019FA17 /* To Do ListTests.xctest */;
			productType = "com.apple.product-type.bundle.unit-test";
		};
		1EB412FA1BC3761C0019FA17 /* To Do ListUITests */ = {
			isa = PBXNativeTarget;
			buildConfigurationList = 1EB4130A1BC3761C0019FA17 /* Build configuration list for PBXNativeTarget "To Do ListUITests" */;
			buildPhases = (
				1EB412F71BC3761C0019FA17 /* Sources */,
				1EB412F81BC3761C0019FA17 /* Frameworks */,
				1EB412F91BC3761C0019FA17 /* Resources */,
			);
			buildRules = (
			);
			dependencies = (
				1EB412FD1BC3761C0019FA17 /* PBXTargetDependency */,
			);
			name = "To Do ListUITests";
			productName = "To Do ListUITests";
			productReference = 1EB412FB1BC3761C0019FA17 /* To Do ListUITests.xctest */;
			productType = "com.apple.product-type.bundle.ui-testing";
		};
/* End PBXNativeTarget section */

/* Begin PBXProject section */
		1EB412D41BC3761C0019FA17 /* Project object */ = {
			isa = PBXProject;
			attributes = {
				LastUpgradeCheck = 0700;
				ORGANIZATIONNAME = "iOS Decal";
				TargetAttributes = {
					1EB412DB1BC3761C0019FA17 = {
						CreatedOnToolsVersion = 7.0;
					};
					1EB412EF1BC3761C0019FA17 = {
						CreatedOnToolsVersion = 7.0;
						TestTargetID = 1EB412DB1BC3761C0019FA17;
					};
					1EB412FA1BC3761C0019FA17 = {
						CreatedOnToolsVersion = 7.0;
						TestTargetID = 1EB412DB1BC3761C0019FA17;
					};
				};
			};
			buildConfigurationList = 1EB412D71BC3761C0019FA17 /* Build configuration list for PBXProject "To Do List" */;
			compatibilityVersion = "Xcode 3.2";
			developmentRegion = English;
			hasScannedForEncodings = 0;
			knownRegions = (
				en,
				Base,
			);
			mainGroup = 1EB412D31BC3761C0019FA17;
			productRefGroup = 1EB412DD1BC3761C0019FA17 /* Products */;
			projectDirPath = "";
			projectRoot = "";
			targets = (
				1EB412DB1BC3761C0019FA17 /* To Do List */,
				1EB412EF1BC3761C0019FA17 /* To Do ListTests */,
				1EB412FA1BC3761C0019FA17 /* To Do ListUITests */,
			);
		};
/* End PBXProject section */

/* Begin PBXResourcesBuildPhase section */
		1EB412DA1BC3761C0019FA17 /* Resources */ = {
			isa = PBXResourcesBuildPhase;
			buildActionMask = 2147483647;
			files = (
				1ECA5EDE1BC38EFC003850E5 /* Main.storyboard in Resources */,
				1EB412EA1BC3761C0019FA17 /* LaunchScreen.storyboard in Resources */,
				1EB412E71BC3761C0019FA17 /* Assets.xcassets in Resources */,
			);
			runOnlyForDeploymentPostprocessing = 0;
		};
		1EB412EE1BC3761C0019FA17 /* Resources */ = {
			isa = PBXResourcesBuildPhase;
			buildActionMask = 2147483647;
			files = (
			);
			runOnlyForDeploymentPostprocessing = 0;
		};
		1EB412F91BC3761C0019FA17 /* Resources */ = {
			isa = PBXResourcesBuildPhase;
			buildActionMask = 2147483647;
			files = (
			);
			runOnlyForDeploymentPostprocessing = 0;
		};
/* End PBXResourcesBuildPhase section */

/* Begin PBXSourcesBuildPhase section */
		1EB412D81BC3761C0019FA17 /* Sources */ = {
			isa = PBXSourcesBuildPhase;
			buildActionMask = 2147483647;
			files = (
				1EB413481BC37B630019FA17 /* ToDo.swift in Sources */,
				1EB4134E1BC3805D0019FA17 /* statsController.swift in Sources */,
				1EB412E21BC3761C0019FA17 /* ViewController.swift in Sources */,
				1EB412E01BC3761C0019FA17 /* AppDelegate.swift in Sources */,
				1EB4134C1BC380400019FA17 /* NewController.swift in Sources */,
				1EB4134A1BC37EB10019FA17 /* TableViewController.swift in Sources */,
			);
			runOnlyForDeploymentPostprocessing = 0;
		};
		1EB412EC1BC3761C0019FA17 /* Sources */ = {
			isa = PBXSourcesBuildPhase;
			buildActionMask = 2147483647;
			files = (
				1EB412F51BC3761C0019FA17 /* To_Do_ListTests.swift in Sources */,
			);
			runOnlyForDeploymentPostprocessing = 0;
		};
		1EB412F71BC3761C0019FA17 /* Sources */ = {
			isa = PBXSourcesBuildPhase;
			buildActionMask = 2147483647;
			files = (
				1EB413001BC3761C0019FA17 /* To_Do_ListUITests.swift in Sources */,
			);
			runOnlyForDeploymentPostprocessing = 0;
		};
/* End PBXSourcesBuildPhase section */

/* Begin PBXTargetDependency section */
		1EB412F21BC3761C0019FA17 /* PBXTargetDependency */ = {
			isa = PBXTargetDependency;
			target = 1EB412DB1BC3761C0019FA17 /* To Do List */;
			targetProxy = 1EB412F11BC3761C0019FA17 /* PBXContainerItemProxy */;
		};
		1EB412FD1BC3761C0019FA17 /* PBXTargetDependency */ = {
			isa = PBXTargetDependency;
			target = 1EB412DB1BC3761C0019FA17 /* To Do List */;
			targetProxy = 1EB412FC1BC3761C0019FA17 /* PBXContainerItemProxy */;
		};
/* End PBXTargetDependency section */

/* Begin PBXVariantGroup section */
		1EB412E81BC3761C0019FA17 /* LaunchScreen.storyboard */ = {
			isa = PBXVariantGroup;
			children = (
				1EB412E91BC3761C0019FA17 /* Base */,
			);
			name = LaunchScreen.storyboard;
			sourceTree = "<group>";
		};
		1ECA5EDC1BC38EFC003850E5 /* Main.storyboard */ = {
			isa = PBXVariantGroup;
			children = (
				1ECA5EDD1BC38EFC003850E5 /* Base */,
			);
			name = Main.storyboard;
			sourceTree = "<group>";
		};
/* End PBXVariantGroup section */

/* Begin XCBuildConfiguration section */
		1EB413021BC3761C0019FA17 /* Debug */ = {
			isa = XCBuildConfiguration;
			buildSettings = {
				ALWAYS_SEARCH_USER_PATHS = NO;
				CLANG_CXX_LANGUAGE_STANDARD = "gnu++0x";
				CLANG_CXX_LIBRARY = "libc++";
				CLANG_ENABLE_MODULES = YES;
				CLANG_ENABLE_OBJC_ARC = YES;
				CLANG_WARN_BOOL_CONVERSION = YES;
				CLANG_WARN_CONSTANT_CONVERSION = YES;
				CLANG_WARN_DIRECT_OBJC_ISA_USAGE = YES_ERROR;
				CLANG_WARN_EMPTY_BODY = YES;
				CLANG_WARN_ENUM_CONVERSION = YES;
				CLANG_WARN_INT_CONVERSION = YES;
				CLANG_WARN_OBJC_ROOT_CLASS = YES_ERROR;
				CLANG_WARN_UNREACHABLE_CODE = YES;
				CLANG_WARN__DUPLICATE_METHOD_MATCH = YES;
				"CODE_SIGN_IDENTITY[sdk=iphoneos*]" = "iPhone Developer";
				COPY_PHASE_STRIP = NO;
				DEBUG_INFORMATION_FORMAT = dwarf;
				ENABLE_STRICT_OBJC_MSGSEND = YES;
				ENABLE_TESTABILITY = YES;
				GCC_C_LANGUAGE_STANDARD = gnu99;
				GCC_DYNAMIC_NO_PIC = NO;
				GCC_NO_COMMON_BLOCKS = YES;
				GCC_OPTIMIZATION_LEVEL = 0;
				GCC_PREPROCESSOR_DEFINITIONS = (
					"DEBUG=1",
					"$(inherited)",
				);
				GCC_WARN_64_TO_32_BIT_CONVERSION = YES;
				GCC_WARN_ABOUT_RETURN_TYPE = YES_ERROR;
				GCC_WARN_UNDECLARED_SELECTOR = YES;
				GCC_WARN_UNINITIALIZED_AUTOS = YES_AGGRESSIVE;
				GCC_WARN_UNUSED_FUNCTION = YES;
				GCC_WARN_UNUSED_VARIABLE = YES;
				IPHONEOS_DEPLOYMENT_TARGET = 9.0;
				MTL_ENABLE_DEBUG_INFO = YES;
				ONLY_ACTIVE_ARCH = YES;
				SDKROOT = iphoneos;
				SWIFT_OPTIMIZATION_LEVEL = "-Onone";
			};
			name = Debug;
		};
		1EB413031BC3761C0019FA17 /* Release */ = {
			isa = XCBuildConfiguration;
			buildSettings = {
				ALWAYS_SEARCH_USER_PATHS = NO;
				CLANG_CXX_LANGUAGE_STANDARD = "gnu++0x";
				CLANG_CXX_LIBRARY = "libc++";
				CLANG_ENABLE_MODULES = YES;
				CLANG_ENABLE_OBJC_ARC = YES;
				CLANG_WARN_BOOL_CONVERSION = YES;
				CLANG_WARN_CONSTANT_CONVERSION = YES;
				CLANG_WARN_DIRECT_OBJC_ISA_USAGE = YES_ERROR;
				CLANG_WARN_EMPTY_BODY = YES;
				CLANG_WARN_ENUM_CONVERSION = YES;
				CLANG_WARN_INT_CONVERSION = YES;
				CLANG_WARN_OBJC_ROOT_CLASS = YES_ERROR;
				CLANG_WARN_UNREACHABLE_CODE = YES;
				CLANG_WARN__DUPLICATE_METHOD_MATCH = YES;
				"CODE_SIGN_IDENTITY[sdk=iphoneos*]" = "iPhone Developer";
				COPY_PHASE_STRIP = NO;
				DEBUG_INFORMATION_FORMAT = "dwarf-with-dsym";
				ENABLE_NS_ASSERTIONS = NO;
				ENABLE_STRICT_OBJC_MSGSEND = YES;
				GCC_C_LANGUAGE_STANDARD = gnu99;
				GCC_NO_COMMON_BLOCKS = YES;
				GCC_WARN_64_TO_32_BIT_CONVERSION = YES;
				GCC_WARN_ABOUT_RETURN_TYPE = YES_ERROR;
				GCC_WARN_UNDECLARED_SELECTOR = YES;
				GCC_WARN_UNINITIALIZED_AUTOS = YES_AGGRESSIVE;
				GCC_WARN_UNUSED_FUNCTION = YES;
				GCC_WARN_UNUSED_VARIABLE = YES;
				IPHONEOS_DEPLOYMENT_TARGET = 9.0;
				MTL_ENABLE_DEBUG_INFO = NO;
				SDKROOT = iphoneos;
				VALIDATE_PRODUCT = YES;
			};
			name = Release;
		};
		1EB413051BC3761C0019FA17 /* Debug */ = {
			isa = XCBuildConfiguration;
			buildSettings = {
				ASSETCATALOG_COMPILER_APPICON_NAME = AppIcon;
				INFOPLIST_FILE = "To Do List/Info.plist";
				LD_RUNPATH_SEARCH_PATHS = "$(inherited) @executable_path/Frameworks";
				PRODUCT_BUNDLE_IDENTIFIER = "CS98.To-Do-List";
				PRODUCT_NAME = "$(TARGET_NAME)";
			};
			name = Debug;
		};
		1EB413061BC3761C0019FA17 /* Release */ = {
			isa = XCBuildConfiguration;
			buildSettings = {
				ASSETCATALOG_COMPILER_APPICON_NAME = AppIcon;
				INFOPLIST_FILE = "To Do List/Info.plist";
				LD_RUNPATH_SEARCH_PATHS = "$(inherited) @executable_path/Frameworks";
				PRODUCT_BUNDLE_IDENTIFIER = "CS98.To-Do-List";
				PRODUCT_NAME = "$(TARGET_NAME)";
			};
			name = Release;
		};
		1EB413081BC3761C0019FA17 /* Debug */ = {
			isa = XCBuildConfiguration;
			buildSettings = {
				BUNDLE_LOADER = "$(TEST_HOST)";
				INFOPLIST_FILE = "To Do ListTests/Info.plist";
				LD_RUNPATH_SEARCH_PATHS = "$(inherited) @executable_path/Frameworks @loader_path/Frameworks";
				PRODUCT_BUNDLE_IDENTIFIER = "CS98.To-Do-ListTests";
				PRODUCT_NAME = "$(TARGET_NAME)";
				TEST_HOST = "$(BUILT_PRODUCTS_DIR)/To Do List.app/To Do List";
			};
			name = Debug;
		};
		1EB413091BC3761C0019FA17 /* Release */ = {
			isa = XCBuildConfiguration;
			buildSettings = {
				BUNDLE_LOADER = "$(TEST_HOST)";
				INFOPLIST_FILE = "To Do ListTests/Info.plist";
				LD_RUNPATH_SEARCH_PATHS = "$(inherited) @executable_path/Frameworks @loader_path/Frameworks";
				PRODUCT_BUNDLE_IDENTIFIER = "CS98.To-Do-ListTests";
				PRODUCT_NAME = "$(TARGET_NAME)";
				TEST_HOST = "$(BUILT_PRODUCTS_DIR)/To Do List.app/To Do List";
			};
			name = Release;
		};
		1EB4130B1BC3761C0019FA17 /* Debug */ = {
			isa = XCBuildConfiguration;
			buildSettings = {
				INFOPLIST_FILE = "To Do ListUITests/Info.plist";
				LD_RUNPATH_SEARCH_PATHS = "$(inherited) @executable_path/Frameworks @loader_path/Frameworks";
				PRODUCT_BUNDLE_IDENTIFIER = "CS98.To-Do-ListUITests";
				PRODUCT_NAME = "$(TARGET_NAME)";
				TEST_TARGET_NAME = "To Do List";
				USES_XCTRUNNER = YES;
			};
			name = Debug;
		};
		1EB4130C1BC3761C0019FA17 /* Release */ = {
			isa = XCBuildConfiguration;
			buildSettings = {
				INFOPLIST_FILE = "To Do ListUITests/Info.plist";
				LD_RUNPATH_SEARCH_PATHS = "$(inherited) @executable_path/Frameworks @loader_path/Frameworks";
				PRODUCT_BUNDLE_IDENTIFIER = "CS98.To-Do-ListUITests";
				PRODUCT_NAME = "$(TARGET_NAME)";
				TEST_TARGET_NAME = "To Do List";
				USES_XCTRUNNER = YES;
			};
			name = Release;
		};
/* End XCBuildConfiguration section */

/* Begin XCConfigurationList section */
		1EB412D71BC3761C0019FA17 /* Build configuration list for PBXProject "To Do List" */ = {
			isa = XCConfigurationList;
			buildConfigurations = (
				1EB413021BC3761C0019FA17 /* Debug */,
				1EB413031BC3761C0019FA17 /* Release */,
			);
			defaultConfigurationIsVisible = 0;
			defaultConfigurationName = Release;
		};
		1EB413041BC3761C0019FA17 /* Build configuration list for PBXNativeTarget "To Do List" */ = {
			isa = XCConfigurationList;
			buildConfigurations = (
				1EB413051BC3761C0019FA17 /* Debug */,
				1EB413061BC3761C0019FA17 /* Release */,
			);
			defaultConfigurationIsVisible = 0;
			defaultConfigurationName = Release;
		};
		1EB413071BC3761C0019FA17 /* Build configuration list for PBXNativeTarget "To Do ListTests" */ = {
			isa = XCConfigurationList;
			buildConfigurations = (
				1EB413081BC3761C0019FA17 /* Debug */,
				1EB413091BC3761C0019FA17 /* Release */,
			);
			defaultConfigurationIsVisible = 0;
			defaultConfigurationName = Release;
		};
		1EB4130A1BC3761C0019FA17 /* Build configuration list for PBXNativeTarget "To Do ListUITests" */ = {
			isa = XCConfigurationList;
			buildConfigurations = (
				1EB4130B1BC3761C0019FA17 /* Debug */,
				1EB4130C1BC3761C0019FA17 /* Release */,
			);
			defaultConfigurationIsVisible = 0;
			defaultConfigurationName = Release;
		};
/* End XCConfigurationList section */
	};
	rootObject = 1EB412D41BC3761C0019FA17 /* Project object */;
}
